// !$*UTF8*$!
{
	archiveVersion = 1;
	classes = {
	};
	objectVersion = 48;
	objects = {

/* Begin PBXBuildFile section */
		40B8223C203FBE4D0013E2CB /* AppDelegate.swift in Sources */ = {isa = PBXBuildFile; fileRef = 40B8223B203FBE4D0013E2CB /* AppDelegate.swift */; };
		40B8223E203FBE4D0013E2CB /* ViewController.swift in Sources */ = {isa = PBXBuildFile; fileRef = 40B8223D203FBE4D0013E2CB /* ViewController.swift */; };
		40B82241203FBE4D0013E2CB /* Main.storyboard in Resources */ = {isa = PBXBuildFile; fileRef = 40B8223F203FBE4D0013E2CB /* Main.storyboard */; };
		40B82243203FBE4D0013E2CB /* Assets.xcassets in Resources */ = {isa = PBXBuildFile; fileRef = 40B82242203FBE4D0013E2CB /* Assets.xcassets */; };
		40B82246203FBE4D0013E2CB /* LaunchScreen.storyboard in Resources */ = {isa = PBXBuildFile; fileRef = 40B82244203FBE4D0013E2CB /* LaunchScreen.storyboard */; };
		40B82251203FBE4E0013E2CB /* ISSP_iOSTests.swift in Sources */ = {isa = PBXBuildFile; fileRef = 40B82250203FBE4E0013E2CB /* ISSP_iOSTests.swift */; };
		40B8225C203FBE4E0013E2CB /* ISSP_iOSUITests.swift in Sources */ = {isa = PBXBuildFile; fileRef = 40B8225B203FBE4E0013E2CB /* ISSP_iOSUITests.swift */; };
/* End PBXBuildFile section */

/* Begin PBXContainerItemProxy section */
		40B8224D203FBE4E0013E2CB /* PBXContainerItemProxy */ = {
			isa = PBXContainerItemProxy;
			containerPortal = 40B82230203FBE4D0013E2CB /* Project object */;
			proxyType = 1;
			remoteGlobalIDString = 40B82237203FBE4D0013E2CB;
			remoteInfo = "ISSP-iOS";
		};
		40B82258203FBE4E0013E2CB /* PBXContainerItemProxy */ = {
			isa = PBXContainerItemProxy;
			containerPortal = 40B82230203FBE4D0013E2CB /* Project object */;
			proxyType = 1;
			remoteGlobalIDString = 40B82237203FBE4D0013E2CB;
			remoteInfo = "ISSP-iOS";
		};
/* End PBXContainerItemProxy section */

/* Begin PBXFileReference section */
		40B82238203FBE4D0013E2CB /* ISSP-iOS.app */ = {isa = PBXFileReference; explicitFileType = wrapper.application; includeInIndex = 0; path = "ISSP-iOS.app"; sourceTree = BUILT_PRODUCTS_DIR; };
		40B8223B203FBE4D0013E2CB /* AppDelegate.swift */ = {isa = PBXFileReference; lastKnownFileType = sourcecode.swift; path = AppDelegate.swift; sourceTree = "<group>"; };
		40B8223D203FBE4D0013E2CB /* ViewController.swift */ = {isa = PBXFileReference; lastKnownFileType = sourcecode.swift; path = ViewController.swift; sourceTree = "<group>"; };
		40B82240203FBE4D0013E2CB /* Base */ = {isa = PBXFileReference; lastKnownFileType = file.storyboard; name = Base; path = Base.lproj/Main.storyboard; sourceTree = "<group>"; };
		40B82242203FBE4D0013E2CB /* Assets.xcassets */ = {isa = PBXFileReference; lastKnownFileType = folder.assetcatalog; path = Assets.xcassets; sourceTree = "<group>"; };
		40B82245203FBE4D0013E2CB /* Base */ = {isa = PBXFileReference; lastKnownFileType = file.storyboard; name = Base; path = Base.lproj/LaunchScreen.storyboard; sourceTree = "<group>"; };
		40B82247203FBE4D0013E2CB /* Info.plist */ = {isa = PBXFileReference; lastKnownFileType = text.plist.xml; path = Info.plist; sourceTree = "<group>"; };
		40B8224C203FBE4E0013E2CB /* ISSP-iOSTests.xctest */ = {isa = PBXFileReference; explicitFileType = wrapper.cfbundle; includeInIndex = 0; path = "ISSP-iOSTests.xctest"; sourceTree = BUILT_PRODUCTS_DIR; };
		40B82250203FBE4E0013E2CB /* ISSP_iOSTests.swift */ = {isa = PBXFileReference; lastKnownFileType = sourcecode.swift; path = ISSP_iOSTests.swift; sourceTree = "<group>"; };
		40B82252203FBE4E0013E2CB /* Info.plist */ = {isa = PBXFileReference; lastKnownFileType = text.plist.xml; path = Info.plist; sourceTree = "<group>"; };
		40B82257203FBE4E0013E2CB /* ISSP-iOSUITests.xctest */ = {isa = PBXFileReference; explicitFileType = wrapper.cfbundle; includeInIndex = 0; path = "ISSP-iOSUITests.xctest"; sourceTree = BUILT_PRODUCTS_DIR; };
		40B8225B203FBE4E0013E2CB /* ISSP_iOSUITests.swift */ = {isa = PBXFileReference; lastKnownFileType = sourcecode.swift; path = ISSP_iOSUITests.swift; sourceTree = "<group>"; };
		40B8225D203FBE4E0013E2CB /* Info.plist */ = {isa = PBXFileReference; lastKnownFileType = text.plist.xml; path = Info.plist; sourceTree = "<group>"; };
/* End PBXFileReference section */

/* Begin PBXFrameworksBuildPhase section */
		40B82235203FBE4D0013E2CB /* Frameworks */ = {
			isa = PBXFrameworksBuildPhase;
			buildActionMask = 2147483647;
			files = (
			);
			runOnlyForDeploymentPostprocessing = 0;
		};
		40B82249203FBE4E0013E2CB /* Frameworks */ = {
			isa = PBXFrameworksBuildPhase;
			buildActionMask = 2147483647;
			files = (
			);
			runOnlyForDeploymentPostprocessing = 0;
		};
		40B82254203FBE4E0013E2CB /* Frameworks */ = {
			isa = PBXFrameworksBuildPhase;
			buildActionMask = 2147483647;
			files = (
			);
			runOnlyForDeploymentPostprocessing = 0;
		};
/* End PBXFrameworksBuildPhase section */

/* Begin PBXGroup section */
		40B8222F203FBE4D0013E2CB = {
			isa = PBXGroup;
			children = (
				40B8223A203FBE4D0013E2CB /* ISSP-iOS */,
				40B8224F203FBE4E0013E2CB /* ISSP-iOSTests */,
				40B8225A203FBE4E0013E2CB /* ISSP-iOSUITests */,
				40B82239203FBE4D0013E2CB /* Products */,
			);
			sourceTree = "<group>";
		};
		40B82239203FBE4D0013E2CB /* Products */ = {
			isa = PBXGroup;
			children = (
				40B82238203FBE4D0013E2CB /* ISSP-iOS.app */,
				40B8224C203FBE4E0013E2CB /* ISSP-iOSTests.xctest */,
				40B82257203FBE4E0013E2CB /* ISSP-iOSUITests.xctest */,
			);
			name = Products;
			sourceTree = "<group>";
		};
		40B8223A203FBE4D0013E2CB /* ISSP-iOS */ = {
			isa = PBXGroup;
			children = (
				40B8223B203FBE4D0013E2CB /* AppDelegate.swift */,
				40B8223D203FBE4D0013E2CB /* ViewController.swift */,
				40B8223F203FBE4D0013E2CB /* Main.storyboard */,
				40B82242203FBE4D0013E2CB /* Assets.xcassets */,
				40B82244203FBE4D0013E2CB /* LaunchScreen.storyboard */,
				40B82247203FBE4D0013E2CB /* Info.plist */,
			);
			path = "ISSP-iOS";
			sourceTree = "<group>";
		};
		40B8224F203FBE4E0013E2CB /* ISSP-iOSTests */ = {
			isa = PBXGroup;
			children = (
				40B82250203FBE4E0013E2CB /* ISSP_iOSTests.swift */,
				40B82252203FBE4E0013E2CB /* Info.plist */,
			);
			path = "ISSP-iOSTests";
			sourceTree = "<group>";
		};
		40B8225A203FBE4E0013E2CB /* ISSP-iOSUITests */ = {
			isa = PBXGroup;
			children = (
				40B8225B203FBE4E0013E2CB /* ISSP_iOSUITests.swift */,
				40B8225D203FBE4E0013E2CB /* Info.plist */,
			);
			path = "ISSP-iOSUITests";
			sourceTree = "<group>";
		};
/* End PBXGroup section */

/* Begin PBXNativeTarget section */
		40B82237203FBE4D0013E2CB /* ISSP-iOS */ = {
			isa = PBXNativeTarget;
			buildConfigurationList = 40B82260203FBE4E0013E2CB /* Build configuration list for PBXNativeTarget "ISSP-iOS" */;
			buildPhases = (
				40B82234203FBE4D0013E2CB /* Sources */,
				40B82235203FBE4D0013E2CB /* Frameworks */,
				40B82236203FBE4D0013E2CB /* Resources */,
			);
			buildRules = (
			);
			dependencies = (
			);
			name = "ISSP-iOS";
			productName = "ISSP-iOS";
			productReference = 40B82238203FBE4D0013E2CB /* ISSP-iOS.app */;
			productType = "com.apple.product-type.application";
		};
		40B8224B203FBE4E0013E2CB /* ISSP-iOSTests */ = {
			isa = PBXNativeTarget;
			buildConfigurationList = 40B82263203FBE4E0013E2CB /* Build configuration list for PBXNativeTarget "ISSP-iOSTests" */;
			buildPhases = (
				40B82248203FBE4E0013E2CB /* Sources */,
				40B82249203FBE4E0013E2CB /* Frameworks */,
				40B8224A203FBE4E0013E2CB /* Resources */,
			);
			buildRules = (
			);
			dependencies = (
				40B8224E203FBE4E0013E2CB /* PBXTargetDependency */,
			);
			name = "ISSP-iOSTests";
			productName = "ISSP-iOSTests";
			productReference = 40B8224C203FBE4E0013E2CB /* ISSP-iOSTests.xctest */;
			productType = "com.apple.product-type.bundle.unit-test";
		};
		40B82256203FBE4E0013E2CB /* ISSP-iOSUITests */ = {
			isa = PBXNativeTarget;
			buildConfigurationList = 40B82266203FBE4E0013E2CB /* Build configuration list for PBXNativeTarget "ISSP-iOSUITests" */;
			buildPhases = (
				40B82253203FBE4E0013E2CB /* Sources */,
				40B82254203FBE4E0013E2CB /* Frameworks */,
				40B82255203FBE4E0013E2CB /* Resources */,
			);
			buildRules = (
			);
			dependencies = (
				40B82259203FBE4E0013E2CB /* PBXTargetDependency */,
			);
			name = "ISSP-iOSUITests";
			productName = "ISSP-iOSUITests";
			productReference = 40B82257203FBE4E0013E2CB /* ISSP-iOSUITests.xctest */;
			productType = "com.apple.product-type.bundle.ui-testing";
		};
/* End PBXNativeTarget section */

/* Begin PBXProject section */
		40B82230203FBE4D0013E2CB /* Project object */ = {
			isa = PBXProject;
			attributes = {
				LastSwiftUpdateCheck = 0920;
				LastUpgradeCheck = 0920;
				ORGANIZATIONNAME = IBM;
				TargetAttributes = {
					40B82237203FBE4D0013E2CB = {
						CreatedOnToolsVersion = 9.2;
						ProvisioningStyle = Automatic;
					};
					40B8224B203FBE4E0013E2CB = {
						CreatedOnToolsVersion = 9.2;
						ProvisioningStyle = Automatic;
						TestTargetID = 40B82237203FBE4D0013E2CB;
					};
					40B82256203FBE4E0013E2CB = {
						CreatedOnToolsVersion = 9.2;
						ProvisioningStyle = Automatic;
						TestTargetID = 40B82237203FBE4D0013E2CB;
					};
				};
			};
			buildConfigurationList = 40B82233203FBE4D0013E2CB /* Build configuration list for PBXProject "ISSP-iOS" */;
			compatibilityVersion = "Xcode 8.0";
			developmentRegion = en;
			hasScannedForEncodings = 0;
			knownRegions = (
				en,
				Base,
			);
			mainGroup = 40B8222F203FBE4D0013E2CB;
			productRefGroup = 40B82239203FBE4D0013E2CB /* Products */;
			projectDirPath = "";
			projectRoot = "";
			targets = (
				40B82237203FBE4D0013E2CB /* ISSP-iOS */,
				40B8224B203FBE4E0013E2CB /* ISSP-iOSTests */,
				40B82256203FBE4E0013E2CB /* ISSP-iOSUITests */,
			);
		};
/* End PBXProject section */

/* Begin PBXResourcesBuildPhase section */
		40B82236203FBE4D0013E2CB /* Resources */ = {
			isa = PBXResourcesBuildPhase;
			buildActionMask = 2147483647;
			files = (
				40B82246203FBE4D0013E2CB /* LaunchScreen.storyboard in Resources */,
				40B82243203FBE4D0013E2CB /* Assets.xcassets in Resources */,
				40B82241203FBE4D0013E2CB /* Main.storyboard in Resources */,
			);
			runOnlyForDeploymentPostprocessing = 0;
		};
		40B8224A203FBE4E0013E2CB /* Resources */ = {
			isa = PBXResourcesBuildPhase;
			buildActionMask = 2147483647;
			files = (
			);
			runOnlyForDeploymentPostprocessing = 0;
		};
		40B82255203FBE4E0013E2CB /* Resources */ = {
			isa = PBXResourcesBuildPhase;
			buildActionMask = 2147483647;
			files = (
			);
			runOnlyForDeploymentPostprocessing = 0;
		};
/* End PBXResourcesBuildPhase section */

/* Begin PBXSourcesBuildPhase section */
		40B82234203FBE4D0013E2CB /* Sources */ = {
			isa = PBXSourcesBuildPhase;
			buildActionMask = 2147483647;
			files = (
				40B8223E203FBE4D0013E2CB /* ViewController.swift in Sources */,
				40B8223C203FBE4D0013E2CB /* AppDelegate.swift in Sources */,
			);
			runOnlyForDeploymentPostprocessing = 0;
		};
		40B82248203FBE4E0013E2CB /* Sources */ = {
			isa = PBXSourcesBuildPhase;
			buildActionMask = 2147483647;
			files = (
				40B82251203FBE4E0013E2CB /* ISSP_iOSTests.swift in Sources */,
			);
			runOnlyForDeploymentPostprocessing = 0;
		};
		40B82253203FBE4E0013E2CB /* Sources */ = {
			isa = PBXSourcesBuildPhase;
			buildActionMask = 2147483647;
			files = (
				40B8225C203FBE4E0013E2CB /* ISSP_iOSUITests.swift in Sources */,
			);
			runOnlyForDeploymentPostprocessing = 0;
		};
/* End PBXSourcesBuildPhase section */

/* Begin PBXTargetDependency section */
		40B8224E203FBE4E0013E2CB /* PBXTargetDependency */ = {
			isa = PBXTargetDependency;
			target = 40B82237203FBE4D0013E2CB /* ISSP-iOS */;
			targetProxy = 40B8224D203FBE4E0013E2CB /* PBXContainerItemProxy */;
		};
		40B82259203FBE4E0013E2CB /* PBXTargetDependency */ = {
			isa = PBXTargetDependency;
			target = 40B82237203FBE4D0013E2CB /* ISSP-iOS */;
			targetProxy = 40B82258203FBE4E0013E2CB /* PBXContainerItemProxy */;
		};
/* End PBXTargetDependency section */

/* Begin PBXVariantGroup section */
		40B8223F203FBE4D0013E2CB /* Main.storyboard */ = {
			isa = PBXVariantGroup;
			children = (
				40B82240203FBE4D0013E2CB /* Base */,
			);
			name = Main.storyboard;
			sourceTree = "<group>";
		};
		40B82244203FBE4D0013E2CB /* LaunchScreen.storyboard */ = {
			isa = PBXVariantGroup;
			children = (
				40B82245203FBE4D0013E2CB /* Base */,
			);
			name = LaunchScreen.storyboard;
			sourceTree = "<group>";
		};
/* End PBXVariantGroup section */

/* Begin XCBuildConfiguration section */
		40B8225E203FBE4E0013E2CB /* Debug */ = {
			isa = XCBuildConfiguration;
			buildSettings = {
				ALWAYS_SEARCH_USER_PATHS = NO;
				CLANG_ANALYZER_NONNULL = YES;
				CLANG_ANALYZER_NUMBER_OBJECT_CONVERSION = YES_AGGRESSIVE;
				CLANG_CXX_LANGUAGE_STANDARD = "gnu++14";
				CLANG_CXX_LIBRARY = "libc++";
				CLANG_ENABLE_MODULES = YES;
				CLANG_ENABLE_OBJC_ARC = YES;
				CLANG_WARN_BLOCK_CAPTURE_AUTORELEASING = YES;
				CLANG_WARN_BOOL_CONVERSION = YES;
				CLANG_WARN_COMMA = YES;
				CLANG_WARN_CONSTANT_CONVERSION = YES;
				CLANG_WARN_DIRECT_OBJC_ISA_USAGE = YES_ERROR;
				CLANG_WARN_DOCUMENTATION_COMMENTS = YES;
				CLANG_WARN_EMPTY_BODY = YES;
				CLANG_WARN_ENUM_CONVERSION = YES;
				CLANG_WARN_INFINITE_RECURSION = YES;
				CLANG_WARN_INT_CONVERSION = YES;
				CLANG_WARN_NON_LITERAL_NULL_CONVERSION = YES;
				CLANG_WARN_OBJC_LITERAL_CONVERSION = YES;
				CLANG_WARN_OBJC_ROOT_CLASS = YES_ERROR;
				CLANG_WARN_RANGE_LOOP_ANALYSIS = YES;
				CLANG_WARN_STRICT_PROTOTYPES = YES;
				CLANG_WARN_SUSPICIOUS_MOVE = YES;
				CLANG_WARN_UNGUARDED_AVAILABILITY = YES_AGGRESSIVE;
				CLANG_WARN_UNREACHABLE_CODE = YES;
				CLANG_WARN__DUPLICATE_METHOD_MATCH = YES;
				CODE_SIGN_IDENTITY = "iPhone Developer";
				COPY_PHASE_STRIP = NO;
				DEBUG_INFORMATION_FORMAT = dwarf;
				ENABLE_STRICT_OBJC_MSGSEND = YES;
				ENABLE_TESTABILITY = YES;
				GCC_C_LANGUAGE_STANDARD = gnu11;
				GCC_DYNAMIC_NO_PIC = NO;
				GCC_NO_COMMON_BLOCKS = YES;
				GCC_OPTIMIZATION_LEVEL = 0;
				GCC_PREPROCESSOR_DEFINITIONS = (
					"DEBUG=1",
					"$(inherited)",
				);
				GCC_WARN_64_TO_32_BIT_CONVERSION = YES;
				GCC_WARN_ABOUT_RETURN_TYPE = YES_ERROR;
				GCC_WARN_UNDECLARED_SELECTOR = YES;
				GCC_WARN_UNINITIALIZED_AUTOS = YES_AGGRESSIVE;
				GCC_WARN_UNUSED_FUNCTION = YES;
				GCC_WARN_UNUSED_VARIABLE = YES;
				IPHONEOS_DEPLOYMENT_TARGET = 11.2;
				MTL_ENABLE_DEBUG_INFO = YES;
				ONLY_ACTIVE_ARCH = YES;
				SDKROOT = iphoneos;
				SWIFT_ACTIVE_COMPILATION_CONDITIONS = DEBUG;
				SWIFT_OPTIMIZATION_LEVEL = "-Onone";
			};
			name = Debug;
		};
		40B8225F203FBE4E0013E2CB /* Release */ = {
			isa = XCBuildConfiguration;
			buildSettings = {
				ALWAYS_SEARCH_USER_PATHS = NO;
				CLANG_ANALYZER_NONNULL = YES;
				CLANG_ANALYZER_NUMBER_OBJECT_CONVERSION = YES_AGGRESSIVE;
				CLANG_CXX_LANGUAGE_STANDARD = "gnu++14";
				CLANG_CXX_LIBRARY = "libc++";
				CLANG_ENABLE_MODULES = YES;
				CLANG_ENABLE_OBJC_ARC = YES;
				CLANG_WARN_BLOCK_CAPTURE_AUTORELEASING = YES;
				CLANG_WARN_BOOL_CONVERSION = YES;
				CLANG_WARN_COMMA = YES;
				CLANG_WARN_CONSTANT_CONVERSION = YES;
				CLANG_WARN_DIRECT_OBJC_ISA_USAGE = YES_ERROR;
				CLANG_WARN_DOCUMENTATION_COMMENTS = YES;
				CLANG_WARN_EMPTY_BODY = YES;
				CLANG_WARN_ENUM_CONVERSION = YES;
				CLANG_WARN_INFINITE_RECURSION = YES;
				CLANG_WARN_INT_CONVERSION = YES;
				CLANG_WARN_NON_LITERAL_NULL_CONVERSION = YES;
				CLANG_WARN_OBJC_LITERAL_CONVERSION = YES;
				CLANG_WARN_OBJC_ROOT_CLASS = YES_ERROR;
				CLANG_WARN_RANGE_LOOP_ANALYSIS = YES;
				CLANG_WARN_STRICT_PROTOTYPES = YES;
				CLANG_WARN_SUSPICIOUS_MOVE = YES;
				CLANG_WARN_UNGUARDED_AVAILABILITY = YES_AGGRESSIVE;
				CLANG_WARN_UNREACHABLE_CODE = YES;
				CLANG_WARN__DUPLICATE_METHOD_MATCH = YES;
				CODE_SIGN_IDENTITY = "iPhone Developer";
				COPY_PHASE_STRIP = NO;
				DEBUG_INFORMATION_FORMAT = "dwarf-with-dsym";
				ENABLE_NS_ASSERTIONS = NO;
				ENABLE_STRICT_OBJC_MSGSEND = YES;
				GCC_C_LANGUAGE_STANDARD = gnu11;
				GCC_NO_COMMON_BLOCKS = YES;
				GCC_WARN_64_TO_32_BIT_CONVERSION = YES;
				GCC_WARN_ABOUT_RETURN_TYPE = YES_ERROR;
				GCC_WARN_UNDECLARED_SELECTOR = YES;
				GCC_WARN_UNINITIALIZED_AUTOS = YES_AGGRESSIVE;
				GCC_WARN_UNUSED_FUNCTION = YES;
				GCC_WARN_UNUSED_VARIABLE = YES;
				IPHONEOS_DEPLOYMENT_TARGET = 11.2;
				MTL_ENABLE_DEBUG_INFO = NO;
				SDKROOT = iphoneos;
				SWIFT_OPTIMIZATION_LEVEL = "-Owholemodule";
				VALIDATE_PRODUCT = YES;
			};
			name = Release;
		};
		40B82261203FBE4E0013E2CB /* Debug */ = {
			isa = XCBuildConfiguration;
			buildSettings = {
				ASSETCATALOG_COMPILER_APPICON_NAME = AppIcon;
				CODE_SIGN_STYLE = Automatic;
				DEVELOPMENT_TEAM = B9JGHA3CFE;
				INFOPLIST_FILE = "ISSP-iOS/Info.plist";
				LD_RUNPATH_SEARCH_PATHS = "$(inherited) @executable_path/Frameworks";
				PRODUCT_BUNDLE_IDENTIFIER = "com.ibmix.ISSP-iOS";
				PRODUCT_NAME = "$(TARGET_NAME)";
				SWIFT_VERSION = 4.0;
				TARGETED_DEVICE_FAMILY = "1,2";
			};
			name = Debug;
		};
		40B82262203FBE4E0013E2CB /* Release */ = {
			isa = XCBuildConfiguration;
			buildSettings = {
				ASSETCATALOG_COMPILER_APPICON_NAME = AppIcon;
				CODE_SIGN_STYLE = Automatic;
				DEVELOPMENT_TEAM = B9JGHA3CFE;
				INFOPLIST_FILE = "ISSP-iOS/Info.plist";
				LD_RUNPATH_SEARCH_PATHS = "$(inherited) @executable_path/Frameworks";
				PRODUCT_BUNDLE_IDENTIFIER = "com.ibmix.ISSP-iOS";
				PRODUCT_NAME = "$(TARGET_NAME)";
				SWIFT_VERSION = 4.0;
				TARGETED_DEVICE_FAMILY = "1,2";
			};
			name = Release;
		};
		40B82264203FBE4E0013E2CB /* Debug */ = {
			isa = XCBuildConfiguration;
			buildSettings = {
				ALWAYS_EMBED_SWIFT_STANDARD_LIBRARIES = YES;
				BUNDLE_LOADER = "$(TEST_HOST)";
				CODE_SIGN_STYLE = Automatic;
				DEVELOPMENT_TEAM = B9JGHA3CFE;
				INFOPLIST_FILE = "ISSP-iOSTests/Info.plist";
				LD_RUNPATH_SEARCH_PATHS = "$(inherited) @executable_path/Frameworks @loader_path/Frameworks";
				PRODUCT_BUNDLE_IDENTIFIER = "com.ibmix.ISSP-iOSTests";
				PRODUCT_NAME = "$(TARGET_NAME)";
				SWIFT_VERSION = 4.0;
				TARGETED_DEVICE_FAMILY = "1,2";
				TEST_HOST = "$(BUILT_PRODUCTS_DIR)/ISSP-iOS.app/ISSP-iOS";
			};
			name = Debug;
		};
		40B82265203FBE4E0013E2CB /* Release */ = {
			isa = XCBuildConfiguration;
			buildSettings = {
				ALWAYS_EMBED_SWIFT_STANDARD_LIBRARIES = YES;
				BUNDLE_LOADER = "$(TEST_HOST)";
				CODE_SIGN_STYLE = Automatic;
				DEVELOPMENT_TEAM = B9JGHA3CFE;
				INFOPLIST_FILE = "ISSP-iOSTests/Info.plist";
				LD_RUNPATH_SEARCH_PATHS = "$(inherited) @executable_path/Frameworks @loader_path/Frameworks";
				PRODUCT_BUNDLE_IDENTIFIER = "com.ibmix.ISSP-iOSTests";
				PRODUCT_NAME = "$(TARGET_NAME)";
				SWIFT_VERSION = 4.0;
				TARGETED_DEVICE_FAMILY = "1,2";
				TEST_HOST = "$(BUILT_PRODUCTS_DIR)/ISSP-iOS.app/ISSP-iOS";
			};
			name = Release;
		};
		40B82267203FBE4E0013E2CB /* Debug */ = {
			isa = XCBuildConfiguration;
			buildSettings = {
				ALWAYS_EMBED_SWIFT_STANDARD_LIBRARIES = YES;
				CODE_SIGN_STYLE = Automatic;
				DEVELOPMENT_TEAM = B9JGHA3CFE;
				INFOPLIST_FILE = "ISSP-iOSUITests/Info.plist";
				LD_RUNPATH_SEARCH_PATHS = "$(inherited) @executable_path/Frameworks @loader_path/Frameworks";
				PRODUCT_BUNDLE_IDENTIFIER = "com.ibmix.ISSP-iOSUITests";
				PRODUCT_NAME = "$(TARGET_NAME)";
				SWIFT_VERSION = 4.0;
				TARGETED_DEVICE_FAMILY = "1,2";
				TEST_TARGET_NAME = "ISSP-iOS";
			};
			name = Debug;
		};
		40B82268203FBE4E0013E2CB /* Release */ = {
			isa = XCBuildConfiguration;
			buildSettings = {
				ALWAYS_EMBED_SWIFT_STANDARD_LIBRARIES = YES;
				CODE_SIGN_STYLE = Automatic;
				DEVELOPMENT_TEAM = B9JGHA3CFE;
				INFOPLIST_FILE = "ISSP-iOSUITests/Info.plist";
				LD_RUNPATH_SEARCH_PATHS = "$(inherited) @executable_path/Frameworks @loader_path/Frameworks";
				PRODUCT_BUNDLE_IDENTIFIER = "com.ibmix.ISSP-iOSUITests";
				PRODUCT_NAME = "$(TARGET_NAME)";
				SWIFT_VERSION = 4.0;
				TARGETED_DEVICE_FAMILY = "1,2";
				TEST_TARGET_NAME = "ISSP-iOS";
			};
			name = Release;
		};
/* End XCBuildConfiguration section */

/* Begin XCConfigurationList section */
		40B82233203FBE4D0013E2CB /* Build configuration list for PBXProject "ISSP-iOS" */ = {
			isa = XCConfigurationList;
			buildConfigurations = (
				40B8225E203FBE4E0013E2CB /* Debug */,
				40B8225F203FBE4E0013E2CB /* Release */,
			);
			defaultConfigurationIsVisible = 0;
			defaultConfigurationName = Release;
		};
		40B82260203FBE4E0013E2CB /* Build configuration list for PBXNativeTarget "ISSP-iOS" */ = {
			isa = XCConfigurationList;
			buildConfigurations = (
				40B82261203FBE4E0013E2CB /* Debug */,
				40B82262203FBE4E0013E2CB /* Release */,
			);
			defaultConfigurationIsVisible = 0;
			defaultConfigurationName = Release;
		};
		40B82263203FBE4E0013E2CB /* Build configuration list for PBXNativeTarget "ISSP-iOSTests" */ = {
			isa = XCConfigurationList;
			buildConfigurations = (
				40B82264203FBE4E0013E2CB /* Debug */,
				40B82265203FBE4E0013E2CB /* Release */,
			);
			defaultConfigurationIsVisible = 0;
			defaultConfigurationName = Release;
		};
		40B82266203FBE4E0013E2CB /* Build configuration list for PBXNativeTarget "ISSP-iOSUITests" */ = {
			isa = XCConfigurationList;
			buildConfigurations = (
				40B82267203FBE4E0013E2CB /* Debug */,
				40B82268203FBE4E0013E2CB /* Release */,
			);
			defaultConfigurationIsVisible = 0;
			defaultConfigurationName = Release;
		};
/* End XCConfigurationList section */
	};
	rootObject = 40B82230203FBE4D0013E2CB /* Project object */;
}
